{
  "lockfileVersion": 1,
  "configVersion": 1,
  "workspaces": {
    "": {
      "name": "thisux-voice",
      "devDependencies": {
        "@types/bun": "^1.2.5",
        "typescript": "^5.8.2",
      },
    },
    "examples/basic": {
      "name": "@thisux/voice-example-basic",
      "version": "0.0.1",
      "dependencies": {
        "@thisux/voice-core": "workspace:*",
        "@thisux/voice-observability": "workspace:*",
        "@thisux/voice-provider-cartesia": "workspace:*",
        "@thisux/voice-provider-groq": "workspace:*",
        "@thisux/voice-provider-openai": "workspace:*",
        "@thisux/voice-transport-webrtc": "workspace:*",
      },
      "devDependencies": {
        "@types/bun": "^1.2.5",
        "typescript": "^5.8.2",
      },
    },
    "examples/offline-launch": {
      "name": "@thisux/voice-example-offline-launch",
      "version": "0.0.1",
      "dependencies": {
        "@thisux/voice-core": "workspace:*",
      },
    },
    "examples/phase2-demo": {
      "name": "@thisux/voice-example-phase2-demo",
      "version": "0.0.1",
      "dependencies": {
        "@thisux/voice": "workspace:*",
      },
    },
    "examples/web-playground": {
      "name": "@thisux/voice-example-web-playground",
      "version": "0.0.1",
      "dependencies": {
        "@thisux/voice-core": "workspace:*",
        "@thisux/voice-observability": "workspace:*",
        "@thisux/voice-provider-cartesia": "workspace:*",
        "@thisux/voice-provider-groq": "workspace:*",
        "@thisux/voice-provider-openai": "workspace:*",
        "hono": "^4.7.5",
      },
      "devDependencies": {
        "@types/bun": "^1.2.5",
        "typescript": "^5.8.2",
      },
    },
    "packages/core": {
      "name": "@thisux/voice-core",
      "version": "0.0.1",
      "dependencies": {
        "@thisux/voice-events": "workspace:*",
        "@thisux/voice-session": "workspace:*",
        "@thisux/voice-state-machine": "workspace:*",
      },
      "devDependencies": {
        "typescript": "^5.8.2",
      },
    },
    "packages/events": {
      "name": "@thisux/voice-events",
      "version": "0.0.1",
      "devDependencies": {
        "typescript": "^5.8.2",
      },
    },
    "packages/observability": {
      "name": "@thisux/voice-observability",
      "version": "0.0.1",
      "dependencies": {
        "@thisux/voice-core": "workspace:*",
      },
      "devDependencies": {
        "typescript": "^5.8.2",
      },
    },
    "packages/plugin-twilio": {
      "name": "@thisux/voice-plugin-twilio",
      "version": "0.0.1",
      "dependencies": {
        "@thisux/voice-core": "workspace:*",
        "@thisux/voice-transport-websocket": "workspace:*",
      },
      "devDependencies": {
        "typescript": "^5.8.2",
      },
    },
    "packages/provider-cartesia": {
      "name": "@thisux/voice-provider-cartesia",
      "version": "0.0.1",
      "dependencies": {
        "@thisux/voice-core": "workspace:*",
      },
      "devDependencies": {
        "typescript": "^5.8.2",
      },
    },
    "packages/provider-elevenlabs": {
      "name": "@thisux/voice-provider-elevenlabs",
      "version": "0.0.1",
      "dependencies": {
        "@thisux/voice-core": "workspace:*",
      },
      "devDependencies": {
        "typescript": "^5.8.2",
      },
    },
    "packages/provider-groq": {
      "name": "@thisux/voice-provider-groq",
      "version": "0.0.1",
      "dependencies": {
        "@thisux/voice-core": "workspace:*",
      },
      "devDependencies": {
        "typescript": "^5.8.2",
      },
    },
    "packages/provider-openai": {
      "name": "@thisux/voice-provider-openai",
      "version": "0.0.1",
      "dependencies": {
        "@thisux/voice-core": "workspace:*",
      },
      "devDependencies": {
        "typescript": "^5.8.2",
      },
    },
    "packages/session": {
      "name": "@thisux/voice-session",
      "version": "0.0.1",
      "dependencies": {
        "@thisux/voice-state-machine": "workspace:*",
      },
      "devDependencies": {
        "typescript": "^5.8.2",
      },
    },
    "packages/state-machine": {
      "name": "@thisux/voice-state-machine",
      "version": "0.0.1",
      "devDependencies": {
        "typescript": "^5.8.2",
      },
    },
    "packages/transport-sip": {
      "name": "@thisux/voice-transport-sip",
      "version": "0.0.1",
      "dependencies": {
        "@thisux/voice-core": "workspace:*",
      },
      "devDependencies": {
        "typescript": "^5.8.2",
      },
    },
    "packages/transport-webrtc": {
      "name": "@thisux/voice-transport-webrtc",
      "version": "0.0.1",
      "dependencies": {
        "@thisux/voice-core": "workspace:*",
      },
      "devDependencies": {
        "typescript": "^5.8.2",
      },
    },
    "packages/transport-websocket": {
      "name": "@thisux/voice-transport-websocket",
      "version": "0.0.1",
      "dependencies": {
        "@thisux/voice-core": "workspace:*",
      },
      "devDependencies": {
        "typescript": "^5.8.2",
      },
    },
    "packages/voice": {
      "name": "@thisux/voice",
      "version": "0.0.1",
      "dependencies": {
        "@thisux/voice-core": "workspace:*",
        "@thisux/voice-events": "workspace:*",
        "@thisux/voice-observability": "workspace:*",
        "@thisux/voice-plugin-twilio": "workspace:*",
        "@thisux/voice-provider-cartesia": "workspace:*",
        "@thisux/voice-provider-elevenlabs": "workspace:*",
        "@thisux/voice-provider-groq": "workspace:*",
        "@thisux/voice-provider-openai": "workspace:*",
        "@thisux/voice-session": "workspace:*",
        "@thisux/voice-state-machine": "workspace:*",
        "@thisux/voice-transport-sip": "workspace:*",
        "@thisux/voice-transport-webrtc": "workspace:*",
        "@thisux/voice-transport-websocket": "workspace:*",
      },
      "devDependencies": {
        "typescript": "^5.8.2",
      },
    },
  },
  "packages": {
    "@thisux/voice": ["@thisux/voice@workspace:packages/voice"],

    "@thisux/voice-core": ["@thisux/voice-core@workspace:packages/core"],

    "@thisux/voice-events": ["@thisux/voice-events@workspace:packages/events"],

    "@thisux/voice-example-basic": ["@thisux/voice-example-basic@workspace:examples/basic"],

    "@thisux/voice-example-offline-launch": ["@thisux/voice-example-offline-launch@workspace:examples/offline-launch"],

    "@thisux/voice-example-phase2-demo": ["@thisux/voice-example-phase2-demo@workspace:examples/phase2-demo"],

    "@thisux/voice-example-web-playground": ["@thisux/voice-example-web-playground@workspace:examples/web-playground"],

    "@thisux/voice-observability": ["@thisux/voice-observability@workspace:packages/observability"],

    "@thisux/voice-plugin-twilio": ["@thisux/voice-plugin-twilio@workspace:packages/plugin-twilio"],

    "@thisux/voice-provider-cartesia": ["@thisux/voice-provider-cartesia@workspace:packages/provider-cartesia"],

    "@thisux/voice-provider-elevenlabs": ["@thisux/voice-provider-elevenlabs@workspace:packages/provider-elevenlabs"],

    "@thisux/voice-provider-groq": ["@thisux/voice-provider-groq@workspace:packages/provider-groq"],

    "@thisux/voice-provider-openai": ["@thisux/voice-provider-openai@workspace:packages/provider-openai"],

    "@thisux/voice-session": ["@thisux/voice-session@workspace:packages/session"],

    "@thisux/voice-state-machine": ["@thisux/voice-state-machine@workspace:packages/state-machine"],

    "@thisux/voice-transport-sip": ["@thisux/voice-transport-sip@workspace:packages/transport-sip"],

    "@thisux/voice-transport-webrtc": ["@thisux/voice-transport-webrtc@workspace:packages/transport-webrtc"],

    "@thisux/voice-transport-websocket": ["@thisux/voice-transport-websocket@workspace:packages/transport-websocket"],

    "@types/bun": ["@types/bun@1.3.14", "", { "dependencies": { "bun-types": "1.3.14" } }, "sha512-h1hFqFVcvAvD9j9K7ZW7vd82aSA+rTdznZa+5bwvCwqSB1jmmfLcbIWhOLx1/+boy/xmjgCs/OMUL8hRJSmnPw=="],

    "@types/node": ["@types/node@26.1.2", "", { "dependencies": { "undici-types": "~8.3.0" } }, "sha512-Vu4a5UFA9rIIFJ7rB/Vaafh9lrCQszopTCx6KjFboXTGQbPNasehVR5TEiithSDGyd1DEiUByggTZsg8jukeIg=="],

    "bun-types": ["bun-types@1.3.14", "", { "dependencies": { "@types/node": "*" } }, "sha512-4N0ig0fEomHt5R0KCFWjovxow98rIoRwKolrYdCcknNwMekCXRnWEUvgu5soYV8QXtVsrUD8B95MBOZGPvr6KQ=="],

    "hono": ["hono@4.12.32", "", {}, "sha512-XcuyW9qE2kJn07PkecMOBd5Vq/hMy7mmGw+idz1yblbg9N17ijJODrvPkn7/dwL3Kulj8LcRJ69DLOWf91dRUg=="],

    "typescript": ["typescript@5.9.3", "", { "bin": { "tsc": "bin/tsc", "tsserver": "bin/tsserver" } }, "sha512-jl1vZzPDinLr9eUt3J/t7V6FgNEw9QjvBPdysz9KfQDD41fQrC2Y4vKQdiaUpFT4bXlb1RHhLpp8wtm6M5TgSw=="],

    "undici-types": ["undici-types@8.3.0", "", {}, "sha512-j375ScV60dom+YkPFIfTLcOiPxkN/buHz5GobjLhixFuANaNs3C9l4GmrWqejgXWJ7BbJcFYpTEUkS1Ge8bpZQ=="],
  }
}
